# This file is automatically generated by fishy.
# It is not intended for manual editing.

version = 1

[[commits]]
entry_hash = "002080411818bdd375d08d75ab0dc63e2d53dbd96a52d89b4effb0d930aad5c78878"
entry = "008a2ab6898b65bfe0bce0c03d072342b2d44bb981b4cd3fe6788f140f30f35ea200013a002022994afb85681d52705a2b77a286922848d0cfb9f875226a3213d3dd4fc70ecebd779410828712ca495efeed382c0ad3a4f0dd8ba064966bc2747498f68a2ee9fba822f5b21feb478472f810c867ead420a3827f6cb043f25544c859c937b207"
operation = "840100781a736368656d615f6669656c645f646566696e6974696f6e5f7631a2646e616d656b6465736372697074696f6e647479706563737472"

[[commits]]
entry_hash = "0020f937ccc9472a0a0b500c56a28da7abf8562ee19b72a059d9de88a2f7fb3e9d26"
entry = "008a2ab6898b65bfe0bce0c03d072342b2d44bb981b4cd3fe6788f140f30f35ea20101380020be928216bfac0ec773fcf04b58fe5e9605ae65214a9a1334ea0aba5199d475f2ed575a79cb98203cd18304d40aa9a6d894e10f95e6e724d772c10b78a9ee510644941ea7e4cbbd4cf2fdefffc13849dd7429ea19001f49688c332ca1e705b40d"
operation = "840100781a736368656d615f6669656c645f646566696e6974696f6e5f7631a2646e616d656974696d657374616d70647479706563696e74"

[[commits]]
entry_hash = "002093a268a79691c7e07b15ba051b61fc07c5a40d28a2500aa83914ed53ef316432"
entry = "008a2ab6898b65bfe0bce0c03d072342b2d44bb981b4cd3fe6788f140f30f35ea20201320020122552eabddb4792ad810344917b06fabdc19354894ce5214fb1e2e1c592eca0e9607b2ad52e293910a269a4f40bfd4db8364bef9c1b9a68659cd0df87cb9f98daa85fe6077d1cbb161a6750e974c5c5c19984f039f0ff8ff5fde5d74566d20c"
operation = "840100781a736368656d615f6669656c645f646566696e6974696f6e5f7631a2646e616d656375726c647479706563737472"

[[commits]]
entry_hash = "0020017dbdd0193158a00a62a9a8e382d1daa7120de5f3243c8b380f9d0f74e7c524"
entry = "008a2ab6898b65bfe0bce0c03d072342b2d44bb981b4cd3fe6788f140f30f35ea20301ca0020d2a8ab8156852731eb985f82efa324ff88ae393fc7bfb024ff62ac1faa5d0889f338cdbf13db341a24d84982a8c75498ffc1d2a68d398e1a4bf2564f60d4d1e3e7618ee2bff6992f52510cbedf18bc9f7bc0e7cd60ce8b255f95c836de3c220b"
operation = "84010074736368656d615f646566696e6974696f6e5f7631a36b6465736372697074696f6e781d53746f726520796f7572206661766f7269746520626f6f6b6d61726b73666669656c647383815822002080411818bdd375d08d75ab0dc63e2d53dbd96a52d89b4effb0d930aad5c788788158220020f937ccc9472a0a0b500c56a28da7abf8562ee19b72a059d9de88a2f7fb3e9d26815822002093a268a79691c7e07b15ba051b61fc07c5a40d28a2500aa83914ed53ef316432646e616d6569626f6f6b6d61726b73"
