# This file is automatically generated by fishy.
# It is not intended for manual editing.

version = 1

[[commits]]
entry_hash = "002080411818bdd375d08d75ab0dc63e2d53dbd96a52d89b4effb0d930aad5c78878"
entry = "008a2ab6898b65bfe0bce0c03d072342b2d44bb981b4cd3fe6788f140f30f35ea200013a002022994afb85681d52705a2b77a286922848d0cfb9f875226a3213d3dd4fc70ecebd779410828712ca495efeed382c0ad3a4f0dd8ba064966bc2747498f68a2ee9fba822f5b21feb478472f810c867ead420a3827f6cb043f25544c859c937b207"
operation = "840100781a736368656d615f6669656c645f646566696e6974696f6e5f7631a2646e616d656b6465736372697074696f6e647479706563737472"

[[commits]]
entry_hash = "00201a8b10d787b0b4e4f532aa6b173860a83c684af9199929c07722ecf8441d1337"
entry = "008a2ab6898b65bfe0bce0c03d072342b2d44bb981b4cd3fe6788f140f30f35ea20101320020122552eabddb4792ad810344917b06fabdc19354894ce5214fb1e2e1c592eca01c48be3d93d4d9119a17ed33eb6bf2cba7fcbd5f157ef6cd66322fd3116b9e56c4d6d7a35dcfd26bd0c3a10e593849b30933bb09a040261ab937e71ae146b20c"
operation = "840100781a736368656d615f6669656c645f646566696e6974696f6e5f7631a2646e616d656375726c647479706563737472"

[[commits]]
entry_hash = "002005b6b965fb55d0ec5530a4d4874646b90669eaf72c14fa0c045f8bfaa6c4383f"
entry = "008a2ab6898b65bfe0bce0c03d072342b2d44bb981b4cd3fe6788f140f30f35ea20201a400205db11e9ea7a952bb00a215445d69f1ba8b729c81bb61b10d0c4481597b2381e6c18a11cf365ba87704450df42832d6c60c60b20728469e0ab9df4a9507410ca598ddea4262eb72b9b7a1bea9bc39611b2ce6aee869bd4a29b26d712005181d01"
operation = "84010074736368656d615f646566696e6974696f6e5f7631a36b6465736372697074696f6e781c57726974652061626f757420796f757220736368656d612068657265666669656c647382815822002080411818bdd375d08d75ab0dc63e2d53dbd96a52d89b4effb0d930aad5c7887881582200201a8b10d787b0b4e4f532aa6b173860a83c684af9199929c07722ecf8441d1337646e616d6569626f6f6b6d61726b73"
